
Microsoft Visual Studio Solution File, Format Version 12.00
# Visual Studio Version 17
VisualStudioVersion = 17.0.31903.59
MinimumVisualStudioVersion = 10.0.40219.1
Project("{FAE04EC0-301F-11D3-BF4B-00C04F79EFBC}") = "PharmaPlusPlus", "src\PharmaPlusPlus.csproj", "{41291496-592F-4BC0-A3E2-BFEB2438EC2F}"
EndProject
Global
	GlobalSection(SolutionConfigurationPlatforms) = preSolution
		Debug|Any CPU = Debug|Any CPU
		Release|Any CPU = Release|Any CPU
	EndGlobalSection
	GlobalSection(SolutionProperties) = preSolution
		HideSolutionNode = FALSE
	EndGlobalSection
	GlobalSection(ProjectConfigurationPlatforms) = postSolution
		{41291496-592F-4BC0-A3E2-BFEB2438EC2F}.Debug|Any CPU.ActiveCfg = Debug|Any CPU
		{41291496-592F-4BC0-A3E2-BFEB2438EC2F}.Debug|Any CPU.Build.0 = Debug|Any CPU
		{41291496-592F-4BC0-A3E2-BFEB2438EC2F}.Release|Any CPU.ActiveCfg = Release|Any CPU
		{41291496-592F-4BC0-A3E2-BFEB2438EC2F}.Release|Any CPU.Build.0 = Release|Any CPU
	EndGlobalSection
EndGlobal
